
Microsoft Visual Studio Solution File, Format Version 12.00
# Visual Studio Version 16
VisualStudioVersion = 16.0.31005.135
MinimumVisualStudioVersion = 10.0.40219.1
Project("{FAE04EC0-301F-11D3-BF4B-00C04F79EFBC}") = "OOP5LabaMatrix", "OOP5LabaMatrix.csproj", "{A1D638D4-7B94-42B8-ACB2-DF6B6F99F369}"
EndProject
Global
	GlobalSection(SolutionConfigurationPlatforms) = preSolution
		Debug|Any CPU = Debug|Any CPU
		Release|Any CPU = Release|Any CPU
	EndGlobalSection
	GlobalSection(ProjectConfigurationPlatforms) = postSolution
		{A1D638D4-7B94-42B8-ACB2-DF6B6F99F369}.Debug|Any CPU.ActiveCfg = Debug|Any CPU
		{A1D638D4-7B94-42B8-ACB2-DF6B6F99F369}.Debug|Any CPU.Build.0 = Debug|Any CPU
		{A1D638D4-7B94-42B8-ACB2-DF6B6F99F369}.Release|Any CPU.ActiveCfg = Release|Any CPU
		{A1D638D4-7B94-42B8-ACB2-DF6B6F99F369}.Release|Any CPU.Build.0 = Release|Any CPU
	EndGlobalSection
	GlobalSection(SolutionProperties) = preSolution
		HideSolutionNode = FALSE
	EndGlobalSection
	GlobalSection(ExtensibilityGlobals) = postSolution
		SolutionGuid = {0658E75F-63D9-4BE8-B4ED-3D4B11EA16BC}
	EndGlobalSection
EndGlobal
